
Microsoft Visual Studio Solution File, Format Version 12.00
# Visual Studio Version 17
VisualStudioVersion = 17.11.35312.102
MinimumVisualStudioVersion = 10.0.40219.1
Project("{FAE04EC0-301F-11D3-BF4B-00C04F79EFBC}") = "Visual programming 3", "Visual programming 3.csproj", "{25EA6748-F762-48A5-A68E-08DDCA47AE7E}"
EndProject
Global
	GlobalSection(SolutionConfigurationPlatforms) = preSolution
		Debug|Any CPU = Debug|Any CPU
		Release|Any CPU = Release|Any CPU
	EndGlobalSection
	GlobalSection(ProjectConfigurationPlatforms) = postSolution
		{25EA6748-F762-48A5-A68E-08DDCA47AE7E}.Debug|Any CPU.ActiveCfg = Debug|Any CPU
		{25EA6748-F762-48A5-A68E-08DDCA47AE7E}.Debug|Any CPU.Build.0 = Debug|Any CPU
		{25EA6748-F762-48A5-A68E-08DDCA47AE7E}.Release|Any CPU.ActiveCfg = Release|Any CPU
		{25EA6748-F762-48A5-A68E-08DDCA47AE7E}.Release|Any CPU.Build.0 = Release|Any CPU
	EndGlobalSection
	GlobalSection(SolutionProperties) = preSolution
		HideSolutionNode = FALSE
	EndGlobalSection
	GlobalSection(ExtensibilityGlobals) = postSolution
		SolutionGuid = {8138D90B-82C2-4674-8ECB-452B0794D238}
	EndGlobalSection
EndGlobal
